# THIS IS AN AUTOGENERATED FILE. DO NOT EDIT THIS FILE DIRECTLY.
# yarn lockfile v1


axios@^0.21.1:
  version "0.21.2"
  resolved "https://registry.npmjs.org/axios/-/axios-0.21.2.tgz"
  dependencies:
    follow-redirects "^1.14.0"

follow-redirects@^1.14.0:
  version "1.15.4"
  resolved "https://registry.yarnpkg.com/follow-redirects/-/follow-redirects-1.15.4.tgz#cdc7d308bf6493126b17ea2191ea0ccf3e535adf"
